
Microsoft Visual Studio Solution File, Format Version 12.00
# Visual Studio 15
VisualStudioVersion = 15.0.28307.421
MinimumVisualStudioVersion = 10.0.40219.1
Project("{FAE04EC0-301F-11D3-BF4B-00C04F79EFBC}") = "demowebapp", "demowebapp\demowebapp.csproj", "{761047F0-6758-48DA-8863-9E1642DDFD85}"
EndProject
Global
	GlobalSection(SolutionConfigurationPlatforms) = preSolution
		Debug|Any CPU = Debug|Any CPU
		Release|Any CPU = Release|Any CPU
	EndGlobalSection
	GlobalSection(ProjectConfigurationPlatforms) = postSolution
		{761047F0-6758-48DA-8863-9E1642DDFD85}.Debug|Any CPU.ActiveCfg = Debug|Any CPU
		{761047F0-6758-48DA-8863-9E1642DDFD85}.Debug|Any CPU.Build.0 = Debug|Any CPU
		{761047F0-6758-48DA-8863-9E1642DDFD85}.Release|Any CPU.ActiveCfg = Release|Any CPU
		{761047F0-6758-48DA-8863-9E1642DDFD85}.Release|Any CPU.Build.0 = Release|Any CPU
	EndGlobalSection
	GlobalSection(SolutionProperties) = preSolution
		HideSolutionNode = FALSE
	EndGlobalSection
	GlobalSection(ExtensibilityGlobals) = postSolution
		SolutionGuid = {146D66D5-DF94-4919-8140-9FC20CDD5EEF}
	EndGlobalSection
EndGlobal
